{
  "name": "chrome-devtools-mcp-local",
  "lockfileVersion": 3,
  "requires": true,
  "packages": {
    "": {
      "name": "chrome-devtools-mcp-local",
      "license": "UNLICENSED",
      "devDependencies": {
        "chrome-devtools-mcp": "^0.17.0"
      }
    },
    "node_modules/chrome-devtools-mcp": {
      "version": "0.17.0",
      "resolved": "https://registry.npmjs.org/chrome-devtools-mcp/-/chrome-devtools-mcp-0.17.0.tgz",
      "integrity": "sha512-vMi2zXq2ph2EG6amyyApcvuKJcEFj4cGK1XQVb6x8vQYHk8D9ZnSxdtFqD0cRnG7SbUOrg3GhjOZEJAD1dZWSQ==",
      "dev": true,
      "license": "Apache-2.0",
      "bin": {
        "chrome-devtools-mcp": "build/src/index.js"
      },
      "engines": {
        "node": "^20.19.0 || ^22.12.0 || >=23"
      }
    }
  }
}
